
Microsoft Visual Studio Solution File, Format Version 12.00
# Visual Studio Version 17
VisualStudioVersion = 17.7.34031.279
MinimumVisualStudioVersion = 10.0.40219.1
Project("{FAE04EC0-301F-11D3-BF4B-00C04F79EFBC}") = "jogo_da_forca", "jogo_da_forca\jogo_da_forca.csproj", "{BE08C4D3-18A6-4797-B81B-BD2142EF5F5B}"
EndProject
Global
	GlobalSection(SolutionConfigurationPlatforms) = preSolution
		Debug|Any CPU = Debug|Any CPU
		Release|Any CPU = Release|Any CPU
	EndGlobalSection
	GlobalSection(ProjectConfigurationPlatforms) = postSolution
		{BE08C4D3-18A6-4797-B81B-BD2142EF5F5B}.Debug|Any CPU.ActiveCfg = Debug|Any CPU
		{BE08C4D3-18A6-4797-B81B-BD2142EF5F5B}.Debug|Any CPU.Build.0 = Debug|Any CPU
		{BE08C4D3-18A6-4797-B81B-BD2142EF5F5B}.Release|Any CPU.ActiveCfg = Release|Any CPU
		{BE08C4D3-18A6-4797-B81B-BD2142EF5F5B}.Release|Any CPU.Build.0 = Release|Any CPU
	EndGlobalSection
	GlobalSection(SolutionProperties) = preSolution
		HideSolutionNode = FALSE
	EndGlobalSection
	GlobalSection(ExtensibilityGlobals) = postSolution
		SolutionGuid = {ECD978E7-9D31-4BC5-B937-95709C2F2F9A}
	EndGlobalSection
EndGlobal
